// !$*UTF8*$!
{
	archiveVersion = 1;
	classes = {
	};
	objectVersion = 56;
	objects = {

/* Begin PBXBuildFile section */
		3322F1D62C96DF32002B8A55 /* DetailView.swift in Sources */ = {isa = PBXBuildFile; fileRef = 3322F1D52C96DF32002B8A55 /* DetailView.swift */; };
		33D07C9A2C96BFE0005C871C /* MyGameApp.swift in Sources */ = {isa = PBXBuildFile; fileRef = 33D07C992C96BFE0005C871C /* MyGameApp.swift */; };
		33D07C9C2C96BFE0005C871C /* ContentView.swift in Sources */ = {isa = PBXBuildFile; fileRef = 33D07C9B2C96BFE0005C871C /* ContentView.swift */; };
		33D07C9E2C96BFE2005C871C /* Assets.xcassets in Resources */ = {isa = PBXBuildFile; fileRef = 33D07C9D2C96BFE2005C871C /* Assets.xcassets */; };
		33D07CA12C96BFE2005C871C /* Preview Assets.xcassets in Resources */ = {isa = PBXBuildFile; fileRef = 33D07CA02C96BFE2005C871C /* Preview Assets.xcassets */; };
		33D07CAB2C96BFE2005C871C /* mygameTests.swift in Sources */ = {isa = PBXBuildFile; fileRef = 33D07CAA2C96BFE2005C871C /* mygameTests.swift */; };
		33D07CB52C96BFE2005C871C /* mygameUITests.swift in Sources */ = {isa = PBXBuildFile; fileRef = 33D07CB42C96BFE2005C871C /* mygameUITests.swift */; };
		33D07CB72C96BFE2005C871C /* mygameUITestsLaunchTests.swift in Sources */ = {isa = PBXBuildFile; fileRef = 33D07CB62C96BFE2005C871C /* mygameUITestsLaunchTests.swift */; };
		33D07CC72C96C0CF005C871C /* GameController.swift in Sources */ = {isa = PBXBuildFile; fileRef = 33D07CC62C96C0CF005C871C /* GameController.swift */; };
		33D07CC92C96C121005C871C /* GameModel.swift in Sources */ = {isa = PBXBuildFile; fileRef = 33D07CC82C96C121005C871C /* GameModel.swift */; };
		33D07CCB2C96C6C2005C871C /* ResultModel.swift in Sources */ = {isa = PBXBuildFile; fileRef = 33D07CCA2C96C6C2005C871C /* ResultModel.swift */; };
		33D07CCD2C96C735005C871C /* RatingModel.swift in Sources */ = {isa = PBXBuildFile; fileRef = 33D07CCC2C96C735005C871C /* RatingModel.swift */; };
		33D07CCF2C96C815005C871C /* AddedByStatusModel.swift in Sources */ = {isa = PBXBuildFile; fileRef = 33D07CCE2C96C815005C871C /* AddedByStatusModel.swift */; };
		33D07CD22C96CB7F005C871C /* JSONNull.swift in Sources */ = {isa = PBXBuildFile; fileRef = 33D07CD12C96CB7F005C871C /* JSONNull.swift */; };
		33D07CD42C96CC08005C871C /* Color.swift in Sources */ = {isa = PBXBuildFile; fileRef = 33D07CD32C96CC08005C871C /* Color.swift */; };
		33D07CDA2C96D0F1005C871C /* HomeView.swift in Sources */ = {isa = PBXBuildFile; fileRef = 33D07CD92C96D0F1005C871C /* HomeView.swift */; };
		33D07CDC2C96D236005C871C /* ProfileView.swift in Sources */ = {isa = PBXBuildFile; fileRef = 33D07CDB2C96D236005C871C /* ProfileView.swift */; };
/* End PBXBuildFile section */

/* Begin PBXContainerItemProxy section */
		33D07CA72C96BFE2005C871C /* PBXContainerItemProxy */ = {
			isa = PBXContainerItemProxy;
			containerPortal = 33D07C8E2C96BFE0005C871C /* Project object */;
			proxyType = 1;
			remoteGlobalIDString = 33D07C952C96BFE0005C871C;
			remoteInfo = mygame;
		};
		33D07CB12C96BFE2005C871C /* PBXContainerItemProxy */ = {
			isa = PBXContainerItemProxy;
			containerPortal = 33D07C8E2C96BFE0005C871C /* Project object */;
			proxyType = 1;
			remoteGlobalIDString = 33D07C952C96BFE0005C871C;
			remoteInfo = mygame;
		};
/* End PBXContainerItemProxy section */

/* Begin PBXFileReference section */
		3322F1D52C96DF32002B8A55 /* DetailView.swift */ = {isa = PBXFileReference; lastKnownFileType = sourcecode.swift; path = DetailView.swift; sourceTree = "<group>"; };
		33D07C962C96BFE0005C871C /* mygame.app */ = {isa = PBXFileReference; explicitFileType = wrapper.application; includeInIndex = 0; path = mygame.app; sourceTree = BUILT_PRODUCTS_DIR; };
		33D07C992C96BFE0005C871C /* MyGameApp.swift */ = {isa = PBXFileReference; lastKnownFileType = sourcecode.swift; path = MyGameApp.swift; sourceTree = "<group>"; };
		33D07C9B2C96BFE0005C871C /* ContentView.swift */ = {isa = PBXFileReference; lastKnownFileType = sourcecode.swift; path = ContentView.swift; sourceTree = "<group>"; };
		33D07C9D2C96BFE2005C871C /* Assets.xcassets */ = {isa = PBXFileReference; lastKnownFileType = folder.assetcatalog; path = Assets.xcassets; sourceTree = "<group>"; };
		33D07CA02C96BFE2005C871C /* Preview Assets.xcassets */ = {isa = PBXFileReference; lastKnownFileType = folder.assetcatalog; path = "Preview Assets.xcassets"; sourceTree = "<group>"; };
		33D07CA62C96BFE2005C871C /* mygameTests.xctest */ = {isa = PBXFileReference; explicitFileType = wrapper.cfbundle; includeInIndex = 0; path = mygameTests.xctest; sourceTree = BUILT_PRODUCTS_DIR; };
		33D07CAA2C96BFE2005C871C /* mygameTests.swift */ = {isa = PBXFileReference; lastKnownFileType = sourcecode.swift; path = mygameTests.swift; sourceTree = "<group>"; };
		33D07CB02C96BFE2005C871C /* mygameUITests.xctest */ = {isa = PBXFileReference; explicitFileType = wrapper.cfbundle; includeInIndex = 0; path = mygameUITests.xctest; sourceTree = BUILT_PRODUCTS_DIR; };
		33D07CB42C96BFE2005C871C /* mygameUITests.swift */ = {isa = PBXFileReference; lastKnownFileType = sourcecode.swift; path = mygameUITests.swift; sourceTree = "<group>"; };
		33D07CB62C96BFE2005C871C /* mygameUITestsLaunchTests.swift */ = {isa = PBXFileReference; lastKnownFileType = sourcecode.swift; path = mygameUITestsLaunchTests.swift; sourceTree = "<group>"; };
		33D07CC62C96C0CF005C871C /* GameController.swift */ = {isa = PBXFileReference; lastKnownFileType = sourcecode.swift; path = GameController.swift; sourceTree = "<group>"; };
		33D07CC82C96C121005C871C /* GameModel.swift */ = {isa = PBXFileReference; lastKnownFileType = sourcecode.swift; path = GameModel.swift; sourceTree = "<group>"; };
		33D07CCA2C96C6C2005C871C /* ResultModel.swift */ = {isa = PBXFileReference; lastKnownFileType = sourcecode.swift; path = ResultModel.swift; sourceTree = "<group>"; };
		33D07CCC2C96C735005C871C /* RatingModel.swift */ = {isa = PBXFileReference; lastKnownFileType = sourcecode.swift; path = RatingModel.swift; sourceTree = "<group>"; };
		33D07CCE2C96C815005C871C /* AddedByStatusModel.swift */ = {isa = PBXFileReference; lastKnownFileType = sourcecode.swift; path = AddedByStatusModel.swift; sourceTree = "<group>"; };
		33D07CD12C96CB7F005C871C /* JSONNull.swift */ = {isa = PBXFileReference; lastKnownFileType = sourcecode.swift; path = JSONNull.swift; sourceTree = "<group>"; };
		33D07CD32C96CC08005C871C /* Color.swift */ = {isa = PBXFileReference; lastKnownFileType = sourcecode.swift; path = Color.swift; sourceTree = "<group>"; };
		33D07CD92C96D0F1005C871C /* HomeView.swift */ = {isa = PBXFileReference; lastKnownFileType = sourcecode.swift; path = HomeView.swift; sourceTree = "<group>"; };
		33D07CDB2C96D236005C871C /* ProfileView.swift */ = {isa = PBXFileReference; lastKnownFileType = sourcecode.swift; path = ProfileView.swift; sourceTree = "<group>"; };
/* End PBXFileReference section */

/* Begin PBXFrameworksBuildPhase section */
		33D07C932C96BFE0005C871C /* Frameworks */ = {
			isa = PBXFrameworksBuildPhase;
			buildActionMask = 2147483647;
			files = (
			);
			runOnlyForDeploymentPostprocessing = 0;
		};
		33D07CA32C96BFE2005C871C /* Frameworks */ = {
			isa = PBXFrameworksBuildPhase;
			buildActionMask = 2147483647;
			files = (
			);
			runOnlyForDeploymentPostprocessing = 0;
		};
		33D07CAD2C96BFE2005C871C /* Frameworks */ = {
			isa = PBXFrameworksBuildPhase;
			buildActionMask = 2147483647;
			files = (
			);
			runOnlyForDeploymentPostprocessing = 0;
		};
/* End PBXFrameworksBuildPhase section */

/* Begin PBXGroup section */
		33D07C8D2C96BFE0005C871C = {
			isa = PBXGroup;
			children = (
				33D07C982C96BFE0005C871C /* mygame */,
				33D07C9D2C96BFE2005C871C /* Assets.xcassets */,
				33D07CA92C96BFE2005C871C /* mygameTests */,
				33D07CB32C96BFE2005C871C /* mygameUITests */,
				33D07C972C96BFE0005C871C /* Products */,
			);
			sourceTree = "<group>";
		};
		33D07C972C96BFE0005C871C /* Products */ = {
			isa = PBXGroup;
			children = (
				33D07C962C96BFE0005C871C /* mygame.app */,
				33D07CA62C96BFE2005C871C /* mygameTests.xctest */,
				33D07CB02C96BFE2005C871C /* mygameUITests.xctest */,
			);
			name = Products;
			sourceTree = "<group>";
		};
		33D07C982C96BFE0005C871C /* mygame */ = {
			isa = PBXGroup;
			children = (
				33D07CC32C96C074005C871C /* Controller */,
				33D07CC42C96C07F005C871C /* Model */,
				33D07C9F2C96BFE2005C871C /* Preview Content */,
				33D07CC52C96C094005C871C /* View */,
				33D07CD02C96CB39005C871C /* Utils */,
				33D07C9B2C96BFE0005C871C /* ContentView.swift */,
				33D07C992C96BFE0005C871C /* MyGameApp.swift */,
			);
			path = mygame;
			sourceTree = "<group>";
		};
		33D07C9F2C96BFE2005C871C /* Preview Content */ = {
			isa = PBXGroup;
			children = (
				33D07CA02C96BFE2005C871C /* Preview Assets.xcassets */,
			);
			path = "Preview Content";
			sourceTree = "<group>";
		};
		33D07CA92C96BFE2005C871C /* mygameTests */ = {
			isa = PBXGroup;
			children = (
				33D07CAA2C96BFE2005C871C /* mygameTests.swift */,
			);
			path = mygameTests;
			sourceTree = "<group>";
		};
		33D07CB32C96BFE2005C871C /* mygameUITests */ = {
			isa = PBXGroup;
			children = (
				33D07CB42C96BFE2005C871C /* mygameUITests.swift */,
				33D07CB62C96BFE2005C871C /* mygameUITestsLaunchTests.swift */,
			);
			path = mygameUITests;
			sourceTree = "<group>";
		};
		33D07CC32C96C074005C871C /* Controller */ = {
			isa = PBXGroup;
			children = (
				33D07CC62C96C0CF005C871C /* GameController.swift */,
			);
			path = Controller;
			sourceTree = "<group>";
		};
		33D07CC42C96C07F005C871C /* Model */ = {
			isa = PBXGroup;
			children = (
				33D07CCE2C96C815005C871C /* AddedByStatusModel.swift */,
				33D07CC82C96C121005C871C /* GameModel.swift */,
				33D07CCC2C96C735005C871C /* RatingModel.swift */,
				33D07CCA2C96C6C2005C871C /* ResultModel.swift */,
			);
			path = Model;
			sourceTree = "<group>";
		};
		33D07CC52C96C094005C871C /* View */ = {
			isa = PBXGroup;
			children = (
				33D07CD92C96D0F1005C871C /* HomeView.swift */,
				33D07CDB2C96D236005C871C /* ProfileView.swift */,
				3322F1D52C96DF32002B8A55 /* DetailView.swift */,
			);
			path = View;
			sourceTree = "<group>";
		};
		33D07CD02C96CB39005C871C /* Utils */ = {
			isa = PBXGroup;
			children = (
				33D07CD12C96CB7F005C871C /* JSONNull.swift */,
				33D07CD32C96CC08005C871C /* Color.swift */,
			);
			path = Utils;
			sourceTree = "<group>";
		};
/* End PBXGroup section */

/* Begin PBXNativeTarget section */
		33D07C952C96BFE0005C871C /* mygame */ = {
			isa = PBXNativeTarget;
			buildConfigurationList = 33D07CBA2C96BFE2005C871C /* Build configuration list for PBXNativeTarget "mygame" */;
			buildPhases = (
				33D07C922C96BFE0005C871C /* Sources */,
				33D07C932C96BFE0005C871C /* Frameworks */,
				33D07C942C96BFE0005C871C /* Resources */,
			);
			buildRules = (
			);
			dependencies = (
			);
			name = mygame;
			productName = mygame;
			productReference = 33D07C962C96BFE0005C871C /* mygame.app */;
			productType = "com.apple.product-type.application";
		};
		33D07CA52C96BFE2005C871C /* mygameTests */ = {
			isa = PBXNativeTarget;
			buildConfigurationList = 33D07CBD2C96BFE2005C871C /* Build configuration list for PBXNativeTarget "mygameTests" */;
			buildPhases = (
				33D07CA22C96BFE2005C871C /* Sources */,
				33D07CA32C96BFE2005C871C /* Frameworks */,
				33D07CA42C96BFE2005C871C /* Resources */,
			);
			buildRules = (
			);
			dependencies = (
				33D07CA82C96BFE2005C871C /* PBXTargetDependency */,
			);
			name = mygameTests;
			productName = mygameTests;
			productReference = 33D07CA62C96BFE2005C871C /* mygameTests.xctest */;
			productType = "com.apple.product-type.bundle.unit-test";
		};
		33D07CAF2C96BFE2005C871C /* mygameUITests */ = {
			isa = PBXNativeTarget;
			buildConfigurationList = 33D07CC02C96BFE2005C871C /* Build configuration list for PBXNativeTarget "mygameUITests" */;
			buildPhases = (
				33D07CAC2C96BFE2005C871C /* Sources */,
				33D07CAD2C96BFE2005C871C /* Frameworks */,
				33D07CAE2C96BFE2005C871C /* Resources */,
			);
			buildRules = (
			);
			dependencies = (
				33D07CB22C96BFE2005C871C /* PBXTargetDependency */,
			);
			name = mygameUITests;
			productName = mygameUITests;
			productReference = 33D07CB02C96BFE2005C871C /* mygameUITests.xctest */;
			productType = "com.apple.product-type.bundle.ui-testing";
		};
/* End PBXNativeTarget section */

/* Begin PBXProject section */
		33D07C8E2C96BFE0005C871C /* Project object */ = {
			isa = PBXProject;
			attributes = {
				BuildIndependentTargetsInParallel = 1;
				LastSwiftUpdateCheck = 1520;
				LastUpgradeCheck = 1520;
				TargetAttributes = {
					33D07C952C96BFE0005C871C = {
						CreatedOnToolsVersion = 15.2;
					};
					33D07CA52C96BFE2005C871C = {
						CreatedOnToolsVersion = 15.2;
						TestTargetID = 33D07C952C96BFE0005C871C;
					};
					33D07CAF2C96BFE2005C871C = {
						CreatedOnToolsVersion = 15.2;
						TestTargetID = 33D07C952C96BFE0005C871C;
					};
				};
			};
			buildConfigurationList = 33D07C912C96BFE0005C871C /* Build configuration list for PBXProject "mygame" */;
			compatibilityVersion = "Xcode 14.0";
			developmentRegion = en;
			hasScannedForEncodings = 0;
			knownRegions = (
				en,
				Base,
			);
			mainGroup = 33D07C8D2C96BFE0005C871C;
			productRefGroup = 33D07C972C96BFE0005C871C /* Products */;
			projectDirPath = "";
			projectRoot = "";
			targets = (
				33D07C952C96BFE0005C871C /* mygame */,
				33D07CA52C96BFE2005C871C /* mygameTests */,
				33D07CAF2C96BFE2005C871C /* mygameUITests */,
			);
		};
/* End PBXProject section */

/* Begin PBXResourcesBuildPhase section */
		33D07C942C96BFE0005C871C /* Resources */ = {
			isa = PBXResourcesBuildPhase;
			buildActionMask = 2147483647;
			files = (
				33D07CA12C96BFE2005C871C /* Preview Assets.xcassets in Resources */,
				33D07C9E2C96BFE2005C871C /* Assets.xcassets in Resources */,
			);
			runOnlyForDeploymentPostprocessing = 0;
		};
		33D07CA42C96BFE2005C871C /* Resources */ = {
			isa = PBXResourcesBuildPhase;
			buildActionMask = 2147483647;
			files = (
			);
			runOnlyForDeploymentPostprocessing = 0;
		};
		33D07CAE2C96BFE2005C871C /* Resources */ = {
			isa = PBXResourcesBuildPhase;
			buildActionMask = 2147483647;
			files = (
			);
			runOnlyForDeploymentPostprocessing = 0;
		};
/* End PBXResourcesBuildPhase section */

/* Begin PBXSourcesBuildPhase section */
		33D07C922C96BFE0005C871C /* Sources */ = {
			isa = PBXSourcesBuildPhase;
			buildActionMask = 2147483647;
			files = (
				33D07CCD2C96C735005C871C /* RatingModel.swift in Sources */,
				33D07CDC2C96D236005C871C /* ProfileView.swift in Sources */,
				33D07C9C2C96BFE0005C871C /* ContentView.swift in Sources */,
				3322F1D62C96DF32002B8A55 /* DetailView.swift in Sources */,
				33D07CCF2C96C815005C871C /* AddedByStatusModel.swift in Sources */,
				33D07CC92C96C121005C871C /* GameModel.swift in Sources */,
				33D07CC72C96C0CF005C871C /* GameController.swift in Sources */,
				33D07CCB2C96C6C2005C871C /* ResultModel.swift in Sources */,
				33D07CD22C96CB7F005C871C /* JSONNull.swift in Sources */,
				33D07CDA2C96D0F1005C871C /* HomeView.swift in Sources */,
				33D07C9A2C96BFE0005C871C /* MyGameApp.swift in Sources */,
				33D07CD42C96CC08005C871C /* Color.swift in Sources */,
			);
			runOnlyForDeploymentPostprocessing = 0;
		};
		33D07CA22C96BFE2005C871C /* Sources */ = {
			isa = PBXSourcesBuildPhase;
			buildActionMask = 2147483647;
			files = (
				33D07CAB2C96BFE2005C871C /* mygameTests.swift in Sources */,
			);
			runOnlyForDeploymentPostprocessing = 0;
		};
		33D07CAC2C96BFE2005C871C /* Sources */ = {
			isa = PBXSourcesBuildPhase;
			buildActionMask = 2147483647;
			files = (
				33D07CB72C96BFE2005C871C /* mygameUITestsLaunchTests.swift in Sources */,
				33D07CB52C96BFE2005C871C /* mygameUITests.swift in Sources */,
			);
			runOnlyForDeploymentPostprocessing = 0;
		};
/* End PBXSourcesBuildPhase section */

/* Begin PBXTargetDependency section */
		33D07CA82C96BFE2005C871C /* PBXTargetDependency */ = {
			isa = PBXTargetDependency;
			target = 33D07C952C96BFE0005C871C /* mygame */;
			targetProxy = 33D07CA72C96BFE2005C871C /* PBXContainerItemProxy */;
		};
		33D07CB22C96BFE2005C871C /* PBXTargetDependency */ = {
			isa = PBXTargetDependency;
			target = 33D07C952C96BFE0005C871C /* mygame */;
			targetProxy = 33D07CB12C96BFE2005C871C /* PBXContainerItemProxy */;
		};
/* End PBXTargetDependency section */

/* Begin XCBuildConfiguration section */
		33D07CB82C96BFE2005C871C /* Debug */ = {
			isa = XCBuildConfiguration;
			buildSettings = {
				ALWAYS_SEARCH_USER_PATHS = NO;
				ASSETCATALOG_COMPILER_GENERATE_SWIFT_ASSET_SYMBOL_EXTENSIONS = YES;
				CLANG_ANALYZER_NONNULL = YES;
				CLANG_ANALYZER_NUMBER_OBJECT_CONVERSION = YES_AGGRESSIVE;
				CLANG_CXX_LANGUAGE_STANDARD = "gnu++20";
				CLANG_ENABLE_MODULES = YES;
				CLANG_ENABLE_OBJC_ARC = YES;
				CLANG_ENABLE_OBJC_WEAK = YES;
				CLANG_WARN_BLOCK_CAPTURE_AUTORELEASING = YES;
				CLANG_WARN_BOOL_CONVERSION = YES;
				CLANG_WARN_COMMA = YES;
				CLANG_WARN_CONSTANT_CONVERSION = YES;
				CLANG_WARN_DEPRECATED_OBJC_IMPLEMENTATIONS = YES;
				CLANG_WARN_DIRECT_OBJC_ISA_USAGE = YES_ERROR;
				CLANG_WARN_DOCUMENTATION_COMMENTS = YES;
				CLANG_WARN_EMPTY_BODY = YES;
				CLANG_WARN_ENUM_CONVERSION = YES;
				CLANG_WARN_INFINITE_RECURSION = YES;
				CLANG_WARN_INT_CONVERSION = YES;
				CLANG_WARN_NON_LITERAL_NULL_CONVERSION = YES;
				CLANG_WARN_OBJC_IMPLICIT_RETAIN_SELF = YES;
				CLANG_WARN_OBJC_LITERAL_CONVERSION = YES;
				CLANG_WARN_OBJC_ROOT_CLASS = YES_ERROR;
				CLANG_WARN_QUOTED_INCLUDE_IN_FRAMEWORK_HEADER = YES;
				CLANG_WARN_RANGE_LOOP_ANALYSIS = YES;
				CLANG_WARN_STRICT_PROTOTYPES = YES;
				CLANG_WARN_SUSPICIOUS_MOVE = YES;
				CLANG_WARN_UNGUARDED_AVAILABILITY = YES_AGGRESSIVE;
				CLANG_WARN_UNREACHABLE_CODE = YES;
				CLANG_WARN__DUPLICATE_METHOD_MATCH = YES;
				COPY_PHASE_STRIP = NO;
				DEBUG_INFORMATION_FORMAT = dwarf;
				ENABLE_STRICT_OBJC_MSGSEND = YES;
				ENABLE_TESTABILITY = YES;
				ENABLE_USER_SCRIPT_SANDBOXING = YES;
				GCC_C_LANGUAGE_STANDARD = gnu17;
				GCC_DYNAMIC_NO_PIC = NO;
				GCC_NO_COMMON_BLOCKS = YES;
				GCC_OPTIMIZATION_LEVEL = 0;
				GCC_PREPROCESSOR_DEFINITIONS = (
					"DEBUG=1",
					"$(inherited)",
				);
				GCC_WARN_64_TO_32_BIT_CONVERSION = YES;
				GCC_WARN_ABOUT_RETURN_TYPE = YES_ERROR;
				GCC_WARN_UNDECLARED_SELECTOR = YES;
				GCC_WARN_UNINITIALIZED_AUTOS = YES_AGGRESSIVE;
				GCC_WARN_UNUSED_FUNCTION = YES;
				GCC_WARN_UNUSED_VARIABLE = YES;
				IPHONEOS_DEPLOYMENT_TARGET = 17.2;
				LOCALIZATION_PREFERS_STRING_CATALOGS = YES;
				MTL_ENABLE_DEBUG_INFO = INCLUDE_SOURCE;
				MTL_FAST_MATH = YES;
				ONLY_ACTIVE_ARCH = YES;
				SDKROOT = iphoneos;
				SWIFT_ACTIVE_COMPILATION_CONDITIONS = "DEBUG $(inherited)";
				SWIFT_OPTIMIZATION_LEVEL = "-Onone";
			};
			name = Debug;
		};
		33D07CB92C96BFE2005C871C /* Release */ = {
			isa = XCBuildConfiguration;
			buildSettings = {
				ALWAYS_SEARCH_USER_PATHS = NO;
				ASSETCATALOG_COMPILER_GENERATE_SWIFT_ASSET_SYMBOL_EXTENSIONS = YES;
				CLANG_ANALYZER_NONNULL = YES;
				CLANG_ANALYZER_NUMBER_OBJECT_CONVERSION = YES_AGGRESSIVE;
				CLANG_CXX_LANGUAGE_STANDARD = "gnu++20";
				CLANG_ENABLE_MODULES = YES;
				CLANG_ENABLE_OBJC_ARC = YES;
				CLANG_ENABLE_OBJC_WEAK = YES;
				CLANG_WARN_BLOCK_CAPTURE_AUTORELEASING = YES;
				CLANG_WARN_BOOL_CONVERSION = YES;
				CLANG_WARN_COMMA = YES;
				CLANG_WARN_CONSTANT_CONVERSION = YES;
				CLANG_WARN_DEPRECATED_OBJC_IMPLEMENTATIONS = YES;
				CLANG_WARN_DIRECT_OBJC_ISA_USAGE = YES_ERROR;
				CLANG_WARN_DOCUMENTATION_COMMENTS = YES;
				CLANG_WARN_EMPTY_BODY = YES;
				CLANG_WARN_ENUM_CONVERSION = YES;
				CLANG_WARN_INFINITE_RECURSION = YES;
				CLANG_WARN_INT_CONVERSION = YES;
				CLANG_WARN_NON_LITERAL_NULL_CONVERSION = YES;
				CLANG_WARN_OBJC_IMPLICIT_RETAIN_SELF = YES;
				CLANG_WARN_OBJC_LITERAL_CONVERSION = YES;
				CLANG_WARN_OBJC_ROOT_CLASS = YES_ERROR;
				CLANG_WARN_QUOTED_INCLUDE_IN_FRAMEWORK_HEADER = YES;
				CLANG_WARN_RANGE_LOOP_ANALYSIS = YES;
				CLANG_WARN_STRICT_PROTOTYPES = YES;
				CLANG_WARN_SUSPICIOUS_MOVE = YES;
				CLANG_WARN_UNGUARDED_AVAILABILITY = YES_AGGRESSIVE;
				CLANG_WARN_UNREACHABLE_CODE = YES;
				CLANG_WARN__DUPLICATE_METHOD_MATCH = YES;
				COPY_PHASE_STRIP = NO;
				DEBUG_INFORMATION_FORMAT = "dwarf-with-dsym";
				ENABLE_NS_ASSERTIONS = NO;
				ENABLE_STRICT_OBJC_MSGSEND = YES;
				ENABLE_USER_SCRIPT_SANDBOXING = YES;
				GCC_C_LANGUAGE_STANDARD = gnu17;
				GCC_NO_COMMON_BLOCKS = YES;
				GCC_WARN_64_TO_32_BIT_CONVERSION = YES;
				GCC_WARN_ABOUT_RETURN_TYPE = YES_ERROR;
				GCC_WARN_UNDECLARED_SELECTOR = YES;
				GCC_WARN_UNINITIALIZED_AUTOS = YES_AGGRESSIVE;
				GCC_WARN_UNUSED_FUNCTION = YES;
				GCC_WARN_UNUSED_VARIABLE = YES;
				IPHONEOS_DEPLOYMENT_TARGET = 17.2;
				LOCALIZATION_PREFERS_STRING_CATALOGS = YES;
				MTL_ENABLE_DEBUG_INFO = NO;
				MTL_FAST_MATH = YES;
				SDKROOT = iphoneos;
				SWIFT_COMPILATION_MODE = wholemodule;
				VALIDATE_PRODUCT = YES;
			};
			name = Release;
		};
		33D07CBB2C96BFE2005C871C /* Debug */ = {
			isa = XCBuildConfiguration;
			buildSettings = {
				ASSETCATALOG_COMPILER_APPICON_NAME = AppIcon;
				ASSETCATALOG_COMPILER_GLOBAL_ACCENT_COLOR_NAME = AccentColor;
				CODE_SIGN_STYLE = Automatic;
				CURRENT_PROJECT_VERSION = 1;
				DEVELOPMENT_ASSET_PATHS = "\"mygame/Preview Content\"";
				ENABLE_PREVIEWS = YES;
				GENERATE_INFOPLIST_FILE = YES;
				INFOPLIST_KEY_UIApplicationSceneManifest_Generation = YES;
				INFOPLIST_KEY_UIApplicationSupportsIndirectInputEvents = YES;
				INFOPLIST_KEY_UILaunchScreen_Generation = YES;
				INFOPLIST_KEY_UISupportedInterfaceOrientations_iPad = "UIInterfaceOrientationPortrait UIInterfaceOrientationPortraitUpsideDown UIInterfaceOrientationLandscapeLeft UIInterfaceOrientationLandscapeRight";
				INFOPLIST_KEY_UISupportedInterfaceOrientations_iPhone = "UIInterfaceOrientationPortrait UIInterfaceOrientationLandscapeLeft UIInterfaceOrientationLandscapeRight";
				LD_RUNPATH_SEARCH_PATHS = (
					"$(inherited)",
					"@executable_path/Frameworks",
				);
				MARKETING_VERSION = 1.0;
				PRODUCT_BUNDLE_IDENTIFIER = com.wahidabd.mygame;
				PRODUCT_NAME = "$(TARGET_NAME)";
				SWIFT_EMIT_LOC_STRINGS = YES;
				SWIFT_VERSION = 5.0;
				TARGETED_DEVICE_FAMILY = "1,2";
			};
			name = Debug;
		};
		33D07CBC2C96BFE2005C871C /* Release */ = {
			isa = XCBuildConfiguration;
			buildSettings = {
				ASSETCATALOG_COMPILER_APPICON_NAME = AppIcon;
				ASSETCATALOG_COMPILER_GLOBAL_ACCENT_COLOR_NAME = AccentColor;
				CODE_SIGN_STYLE = Automatic;
				CURRENT_PROJECT_VERSION = 1;
				DEVELOPMENT_ASSET_PATHS = "\"mygame/Preview Content\"";
				ENABLE_PREVIEWS = YES;
				GENERATE_INFOPLIST_FILE = YES;
				INFOPLIST_KEY_UIApplicationSceneManifest_Generation = YES;
				INFOPLIST_KEY_UIApplicationSupportsIndirectInputEvents = YES;
				INFOPLIST_KEY_UILaunchScreen_Generation = YES;
				INFOPLIST_KEY_UISupportedInterfaceOrientations_iPad = "UIInterfaceOrientationPortrait UIInterfaceOrientationPortraitUpsideDown UIInterfaceOrientationLandscapeLeft UIInterfaceOrientationLandscapeRight";
				INFOPLIST_KEY_UISupportedInterfaceOrientations_iPhone = "UIInterfaceOrientationPortrait UIInterfaceOrientationLandscapeLeft UIInterfaceOrientationLandscapeRight";
				LD_RUNPATH_SEARCH_PATHS = (
					"$(inherited)",
					"@executable_path/Frameworks",
				);
				MARKETING_VERSION = 1.0;
				PRODUCT_BUNDLE_IDENTIFIER = com.wahidabd.mygame;
				PRODUCT_NAME = "$(TARGET_NAME)";
				SWIFT_EMIT_LOC_STRINGS = YES;
				SWIFT_VERSION = 5.0;
				TARGETED_DEVICE_FAMILY = "1,2";
			};
			name = Release;
		};
		33D07CBE2C96BFE2005C871C /* Debug */ = {
			isa = XCBuildConfiguration;
			buildSettings = {
				ALWAYS_EMBED_SWIFT_STANDARD_LIBRARIES = YES;
				BUNDLE_LOADER = "$(TEST_HOST)";
				CODE_SIGN_STYLE = Automatic;
				CURRENT_PROJECT_VERSION = 1;
				GENERATE_INFOPLIST_FILE = YES;
				IPHONEOS_DEPLOYMENT_TARGET = 17.2;
				MARKETING_VERSION = 1.0;
				PRODUCT_BUNDLE_IDENTIFIER = com.wahidabd.mygameTests;
				PRODUCT_NAME = "$(TARGET_NAME)";
				SWIFT_EMIT_LOC_STRINGS = NO;
				SWIFT_VERSION = 5.0;
				TARGETED_DEVICE_FAMILY = "1,2";
				TEST_HOST = "$(BUILT_PRODUCTS_DIR)/mygame.app/$(BUNDLE_EXECUTABLE_FOLDER_PATH)/mygame";
			};
			name = Debug;
		};
		33D07CBF2C96BFE2005C871C /* Release */ = {
			isa = XCBuildConfiguration;
			buildSettings = {
				ALWAYS_EMBED_SWIFT_STANDARD_LIBRARIES = YES;
				BUNDLE_LOADER = "$(TEST_HOST)";
				CODE_SIGN_STYLE = Automatic;
				CURRENT_PROJECT_VERSION = 1;
				GENERATE_INFOPLIST_FILE = YES;
				IPHONEOS_DEPLOYMENT_TARGET = 17.2;
				MARKETING_VERSION = 1.0;
				PRODUCT_BUNDLE_IDENTIFIER = com.wahidabd.mygameTests;
				PRODUCT_NAME = "$(TARGET_NAME)";
				SWIFT_EMIT_LOC_STRINGS = NO;
				SWIFT_VERSION = 5.0;
				TARGETED_DEVICE_FAMILY = "1,2";
				TEST_HOST = "$(BUILT_PRODUCTS_DIR)/mygame.app/$(BUNDLE_EXECUTABLE_FOLDER_PATH)/mygame";
			};
			name = Release;
		};
		33D07CC12C96BFE2005C871C /* Debug */ = {
			isa = XCBuildConfiguration;
			buildSettings = {
				ALWAYS_EMBED_SWIFT_STANDARD_LIBRARIES = YES;
				CODE_SIGN_STYLE = Automatic;
				CURRENT_PROJECT_VERSION = 1;
				GENERATE_INFOPLIST_FILE = YES;
				MARKETING_VERSION = 1.0;
				PRODUCT_BUNDLE_IDENTIFIER = com.wahidabd.mygameUITests;
				PRODUCT_NAME = "$(TARGET_NAME)";
				SWIFT_EMIT_LOC_STRINGS = NO;
				SWIFT_VERSION = 5.0;
				TARGETED_DEVICE_FAMILY = "1,2";
				TEST_TARGET_NAME = mygame;
			};
			name = Debug;
		};
		33D07CC22C96BFE2005C871C /* Release */ = {
			isa = XCBuildConfiguration;
			buildSettings = {
				ALWAYS_EMBED_SWIFT_STANDARD_LIBRARIES = YES;
				CODE_SIGN_STYLE = Automatic;
				CURRENT_PROJECT_VERSION = 1;
				GENERATE_INFOPLIST_FILE = YES;
				MARKETING_VERSION = 1.0;
				PRODUCT_BUNDLE_IDENTIFIER = com.wahidabd.mygameUITests;
				PRODUCT_NAME = "$(TARGET_NAME)";
				SWIFT_EMIT_LOC_STRINGS = NO;
				SWIFT_VERSION = 5.0;
				TARGETED_DEVICE_FAMILY = "1,2";
				TEST_TARGET_NAME = mygame;
			};
			name = Release;
		};
/* End XCBuildConfiguration section */

/* Begin XCConfigurationList section */
		33D07C912C96BFE0005C871C /* Build configuration list for PBXProject "mygame" */ = {
			isa = XCConfigurationList;
			buildConfigurations = (
				33D07CB82C96BFE2005C871C /* Debug */,
				33D07CB92C96BFE2005C871C /* Release */,
			);
			defaultConfigurationIsVisible = 0;
			defaultConfigurationName = Release;
		};
		33D07CBA2C96BFE2005C871C /* Build configuration list for PBXNativeTarget "mygame" */ = {
			isa = XCConfigurationList;
			buildConfigurations = (
				33D07CBB2C96BFE2005C871C /* Debug */,
				33D07CBC2C96BFE2005C871C /* Release */,
			);
			defaultConfigurationIsVisible = 0;
			defaultConfigurationName = Release;
		};
		33D07CBD2C96BFE2005C871C /* Build configuration list for PBXNativeTarget "mygameTests" */ = {
			isa = XCConfigurationList;
			buildConfigurations = (
				33D07CBE2C96BFE2005C871C /* Debug */,
				33D07CBF2C96BFE2005C871C /* Release */,
			);
			defaultConfigurationIsVisible = 0;
			defaultConfigurationName = Release;
		};
		33D07CC02C96BFE2005C871C /* Build configuration list for PBXNativeTarget "mygameUITests" */ = {
			isa = XCConfigurationList;
			buildConfigurations = (
				33D07CC12C96BFE2005C871C /* Debug */,
				33D07CC22C96BFE2005C871C /* Release */,
			);
			defaultConfigurationIsVisible = 0;
			defaultConfigurationName = Release;
		};
/* End XCConfigurationList section */
	};
	rootObject = 33D07C8E2C96BFE0005C871C /* Project object */;
}
